
Microsoft Visual Studio Solution File, Format Version 11.00
# Visual Studio 2010
Project("{F184B08F-C81C-45F6-A57F-5ABD9991F28F}") = "HeartyCafe", "HeartyCafe\HeartyCafe.vbproj", "{B6EFCE4E-24A1-405E-9E4E-7486DFA0243A}"
EndProject
Global
	GlobalSection(SolutionConfigurationPlatforms) = preSolution
		Debug|x86 = Debug|x86
		Release|x86 = Release|x86
	EndGlobalSection
	GlobalSection(ProjectConfigurationPlatforms) = postSolution
		{B6EFCE4E-24A1-405E-9E4E-7486DFA0243A}.Debug|x86.ActiveCfg = Debug|x86
		{B6EFCE4E-24A1-405E-9E4E-7486DFA0243A}.Debug|x86.Build.0 = Debug|x86
		{B6EFCE4E-24A1-405E-9E4E-7486DFA0243A}.Release|x86.ActiveCfg = Release|x86
		{B6EFCE4E-24A1-405E-9E4E-7486DFA0243A}.Release|x86.Build.0 = Release|x86
	EndGlobalSection
	GlobalSection(SolutionProperties) = preSolution
		HideSolutionNode = FALSE
	EndGlobalSection
EndGlobal
